{
  "requires": true,
  "lockfileVersion": 1,
  "dependencies": {
    "quaternion": {
      "version": "1.2.1",
      "resolved": "https://registry.npmjs.org/quaternion/-/quaternion-1.2.1.tgz",
      "integrity": "sha512-w5K58QTWq0ynVkLtYO3epGXFA9YBB+3qCi1N0mAezb+12voKswIRgpPQ+RnOQlwsJvHohqFud4NawfeR2vIeFg=="
    },
    "requirejs": {
      "version": "2.3.6",
      "resolved": "https://registry.npmjs.org/requirejs/-/requirejs-2.3.6.tgz",
      "integrity": "sha512-ipEzlWQe6RK3jkzikgCupiTbTvm4S0/CAU5GlgptkN5SO6F3u0UD0K18wy6ErDqiCyP4J4YYe1HuAShvsxePLg=="
    }
  }
}
